
Microsoft Visual Studio Solution File, Format Version 12.00
# Visual Studio Version 16
VisualStudioVersion = 16.0.29728.190
MinimumVisualStudioVersion = 10.0.40219.1
Project("{FAE04EC0-301F-11D3-BF4B-00C04F79EFBC}") = "RastreoPaqueteria", "RastreoPaqueteria\RastreoPaqueteria.csproj", "{6E976A7F-17B9-4CB0-9E1E-7F9E907AF1F4}"
EndProject
Project("{FAE04EC0-301F-11D3-BF4B-00C04F79EFBC}") = "RastreoPaqueteriaTests", "RastreoPaqueteriaTests\RastreoPaqueteriaTests.csproj", "{0284B968-10E1-4891-B4BE-671FE1D892A2}"
EndProject
Global
	GlobalSection(SolutionConfigurationPlatforms) = preSolution
		Debug|Any CPU = Debug|Any CPU
		Release|Any CPU = Release|Any CPU
	EndGlobalSection
	GlobalSection(ProjectConfigurationPlatforms) = postSolution
		{6E976A7F-17B9-4CB0-9E1E-7F9E907AF1F4}.Debug|Any CPU.ActiveCfg = Debug|Any CPU
		{6E976A7F-17B9-4CB0-9E1E-7F9E907AF1F4}.Debug|Any CPU.Build.0 = Debug|Any CPU
		{6E976A7F-17B9-4CB0-9E1E-7F9E907AF1F4}.Release|Any CPU.ActiveCfg = Release|Any CPU
		{6E976A7F-17B9-4CB0-9E1E-7F9E907AF1F4}.Release|Any CPU.Build.0 = Release|Any CPU
		{0284B968-10E1-4891-B4BE-671FE1D892A2}.Debug|Any CPU.ActiveCfg = Debug|Any CPU
		{0284B968-10E1-4891-B4BE-671FE1D892A2}.Debug|Any CPU.Build.0 = Debug|Any CPU
		{0284B968-10E1-4891-B4BE-671FE1D892A2}.Release|Any CPU.ActiveCfg = Release|Any CPU
		{0284B968-10E1-4891-B4BE-671FE1D892A2}.Release|Any CPU.Build.0 = Release|Any CPU
	EndGlobalSection
	GlobalSection(SolutionProperties) = preSolution
		HideSolutionNode = FALSE
	EndGlobalSection
	GlobalSection(ExtensibilityGlobals) = postSolution
		SolutionGuid = {31D1FB2E-2D4C-48F3-9B6A-9AA77B6E8CBF}
	EndGlobalSection
EndGlobal
